
Microsoft Visual Studio Solution File, Format Version 12.00
# Visual Studio 15
VisualStudioVersion = 15.0.28307.438
MinimumVisualStudioVersion = 10.0.40219.1
Project("{FAE04EC0-301F-11D3-BF4B-00C04F79EFBC}") = "yolculuk", "yolculuk\yolculuk.csproj", "{A8A4B073-9B73-4F5D-BDE4-715DB5515BF9}"
EndProject
Global
	GlobalSection(SolutionConfigurationPlatforms) = preSolution
		Debug|Any CPU = Debug|Any CPU
		Release|Any CPU = Release|Any CPU
	EndGlobalSection
	GlobalSection(ProjectConfigurationPlatforms) = postSolution
		{A8A4B073-9B73-4F5D-BDE4-715DB5515BF9}.Debug|Any CPU.ActiveCfg = Debug|Any CPU
		{A8A4B073-9B73-4F5D-BDE4-715DB5515BF9}.Debug|Any CPU.Build.0 = Debug|Any CPU
		{A8A4B073-9B73-4F5D-BDE4-715DB5515BF9}.Release|Any CPU.ActiveCfg = Release|Any CPU
		{A8A4B073-9B73-4F5D-BDE4-715DB5515BF9}.Release|Any CPU.Build.0 = Release|Any CPU
	EndGlobalSection
	GlobalSection(SolutionProperties) = preSolution
		HideSolutionNode = FALSE
	EndGlobalSection
	GlobalSection(ExtensibilityGlobals) = postSolution
		SolutionGuid = {C1BA14F1-D335-465B-A0F2-30E774DC1310}
	EndGlobalSection
EndGlobal
